
Microsoft Visual Studio Solution File, Format Version 12.00
# Visual Studio 15
VisualStudioVersion = 15.0.27130.2010
MinimumVisualStudioVersion = 10.0.40219.1
Project("{FAE04EC0-301F-11D3-BF4B-00C04F79EFBC}") = "t2tWinFormAppBarLib", "t2tWinFormAppBarLib\t2tWinFormAppBarLib.csproj", "{F3A009C3-906F-4C21-8071-7C197305AD52}"
EndProject
Global
	GlobalSection(SolutionConfigurationPlatforms) = preSolution
		Debug|Any CPU = Debug|Any CPU
		Release|Any CPU = Release|Any CPU
	EndGlobalSection
	GlobalSection(ProjectConfigurationPlatforms) = postSolution
		{F3A009C3-906F-4C21-8071-7C197305AD52}.Debug|Any CPU.ActiveCfg = Debug|Any CPU
		{F3A009C3-906F-4C21-8071-7C197305AD52}.Debug|Any CPU.Build.0 = Debug|Any CPU
		{F3A009C3-906F-4C21-8071-7C197305AD52}.Release|Any CPU.ActiveCfg = Release|Any CPU
		{F3A009C3-906F-4C21-8071-7C197305AD52}.Release|Any CPU.Build.0 = Release|Any CPU
	EndGlobalSection
	GlobalSection(SolutionProperties) = preSolution
		HideSolutionNode = FALSE
	EndGlobalSection
	GlobalSection(ExtensibilityGlobals) = postSolution
		SolutionGuid = {F7D2E69D-929B-4BC5-8E71-292A8C06125E}
	EndGlobalSection
EndGlobal
